
Microsoft Visual Studio Solution File, Format Version 12.00
# Visual Studio 15
VisualStudioVersion = 15.0.28010.2019
MinimumVisualStudioVersion = 10.0.40219.1
Project("{A07B5EB6-E848-4116-A8D0-A826331D98C6}") = "CounterApplication", "CounterApplication\CounterApplication.sfproj", "{5CDDB6D9-C1E0-40BB-9DF1-D321B407326D}"
EndProject
Project("{FAE04EC0-301F-11D3-BF4B-00C04F79EFBC}") = "CounterStatelessService", "CounterStatelessService\CounterStatelessService.csproj", "{5B846AF5-4F2C-4D53-B406-A9B5CC999347}"
EndProject
Global
	GlobalSection(SolutionConfigurationPlatforms) = preSolution
		Debug|Any CPU = Debug|Any CPU
		Debug|x64 = Debug|x64
		Release|Any CPU = Release|Any CPU
		Release|x64 = Release|x64
	EndGlobalSection
	GlobalSection(ProjectConfigurationPlatforms) = postSolution
		{5CDDB6D9-C1E0-40BB-9DF1-D321B407326D}.Debug|Any CPU.ActiveCfg = Debug|x64
		{5CDDB6D9-C1E0-40BB-9DF1-D321B407326D}.Debug|x64.ActiveCfg = Debug|x64
		{5CDDB6D9-C1E0-40BB-9DF1-D321B407326D}.Debug|x64.Build.0 = Debug|x64
		{5CDDB6D9-C1E0-40BB-9DF1-D321B407326D}.Debug|x64.Deploy.0 = Debug|x64
		{5CDDB6D9-C1E0-40BB-9DF1-D321B407326D}.Release|Any CPU.ActiveCfg = Release|x64
		{5CDDB6D9-C1E0-40BB-9DF1-D321B407326D}.Release|x64.ActiveCfg = Release|x64
		{5CDDB6D9-C1E0-40BB-9DF1-D321B407326D}.Release|x64.Build.0 = Release|x64
		{5CDDB6D9-C1E0-40BB-9DF1-D321B407326D}.Release|x64.Deploy.0 = Release|x64
		{5B846AF5-4F2C-4D53-B406-A9B5CC999347}.Debug|Any CPU.ActiveCfg = Debug|Any CPU
		{5B846AF5-4F2C-4D53-B406-A9B5CC999347}.Debug|Any CPU.Build.0 = Debug|Any CPU
		{5B846AF5-4F2C-4D53-B406-A9B5CC999347}.Debug|x64.ActiveCfg = Debug|Any CPU
		{5B846AF5-4F2C-4D53-B406-A9B5CC999347}.Debug|x64.Build.0 = Debug|Any CPU
		{5B846AF5-4F2C-4D53-B406-A9B5CC999347}.Release|Any CPU.ActiveCfg = Release|Any CPU
		{5B846AF5-4F2C-4D53-B406-A9B5CC999347}.Release|Any CPU.Build.0 = Release|Any CPU
		{5B846AF5-4F2C-4D53-B406-A9B5CC999347}.Release|x64.ActiveCfg = Release|Any CPU
		{5B846AF5-4F2C-4D53-B406-A9B5CC999347}.Release|x64.Build.0 = Release|Any CPU
	EndGlobalSection
	GlobalSection(SolutionProperties) = preSolution
		HideSolutionNode = FALSE
	EndGlobalSection
	GlobalSection(ExtensibilityGlobals) = postSolution
		SolutionGuid = {F978B591-C631-44E4-A8DE-56DBC55967D7}
	EndGlobalSection
EndGlobal
